
Microsoft Visual Studio Solution File, Format Version 12.00
# Visual Studio Version 16
VisualStudioVersion = 16.0.31205.134
MinimumVisualStudioVersion = 10.0.40219.1
Project("{FAE04EC0-301F-11D3-BF4B-00C04F79EFBC}") = "iBOS_CRUD", "iBOS_CRUD\iBOS_CRUD.csproj", "{CE035090-B59C-4FF0-99A2-532E23E2A94F}"
EndProject
Global
	GlobalSection(SolutionConfigurationPlatforms) = preSolution
		Debug|Any CPU = Debug|Any CPU
		Release|Any CPU = Release|Any CPU
	EndGlobalSection
	GlobalSection(ProjectConfigurationPlatforms) = postSolution
		{CE035090-B59C-4FF0-99A2-532E23E2A94F}.Debug|Any CPU.ActiveCfg = Debug|Any CPU
		{CE035090-B59C-4FF0-99A2-532E23E2A94F}.Debug|Any CPU.Build.0 = Debug|Any CPU
		{CE035090-B59C-4FF0-99A2-532E23E2A94F}.Release|Any CPU.ActiveCfg = Release|Any CPU
		{CE035090-B59C-4FF0-99A2-532E23E2A94F}.Release|Any CPU.Build.0 = Release|Any CPU
	EndGlobalSection
	GlobalSection(SolutionProperties) = preSolution
		HideSolutionNode = FALSE
	EndGlobalSection
	GlobalSection(ExtensibilityGlobals) = postSolution
		SolutionGuid = {D37DC55E-76B9-46ED-B24D-0CC1A155CFFB}
	EndGlobalSection
EndGlobal
